
Microsoft Visual Studio Solution File, Format Version 12.00
# Visual Studio Version 17
VisualStudioVersion = 17.0.31903.59
MinimumVisualStudioVersion = 10.0.40219.1
Project("{2150E333-8FDC-42A3-9474-1A3956D46DE8}") = "src", "src", "{827E0CD3-B72D-47B6-A68D-7590B98EB39B}"
EndProject
Project("{FAE04EC0-301F-11D3-BF4B-00C04F79EFBC}") = "PSPredictor", "src\PSPredictor\PSPredictor.csproj", "{3148E7D0-C26A-421C-A9E8-2A53F16DC570}"
EndProject
Project("{FAE04EC0-301F-11D3-BF4B-00C04F79EFBC}") = "PSPredictor.Core", "src\Core\PSPredictor.Core.csproj", "{254AE52F-4935-4A07-823A-F55834F6F4DA}"
EndProject
Project("{FAE04EC0-301F-11D3-BF4B-00C04F79EFBC}") = "PSPredictor.Shared", "src\Shared\PSPredictor.Shared.csproj", "{337FC8FC-F0AC-4B8C-B29C-6DBE91B0B5E3}"
EndProject
Project("{2150E333-8FDC-42A3-9474-1A3956D46DE8}") = "tests", "tests", "{0AB3BF05-4346-4AA6-1389-037BE0695223}"
EndProject
Project("{FAE04EC0-301F-11D3-BF4B-00C04F79EFBC}") = "PSPredictor.Tests", "tests\UnitTests\PSPredictor.UnitTests.csproj", "{B58BA7B8-06A8-4699-8337-8CFE13274A56}"
EndProject
Project("{FAE04EC0-301F-11D3-BF4B-00C04F79EFBC}") = "PSPredictor.Core.Tests", "tests\Core.Tests\PSPredictor.Core.Tests.csproj", "{EA562F74-C489-4BC2-A4BD-DEE160327C60}"
EndProject
Project("{FAE04EC0-301F-11D3-BF4B-00C04F79EFBC}") = "PSPredictor.Completion.Tests", "tests\Completion.Tests\PSPredictor.Completion.Tests.csproj", "{D6440F51-A910-4BE9-8F49-9219B306DCF6}"
EndProject
Project("{FAE04EC0-301F-11D3-BF4B-00C04F79EFBC}") = "PSPredictor.AI.Tests", "tests\AI.Tests\PSPredictor.AI.Tests.csproj", "{E7E89E93-6F3B-4CB5-A4A7-53BA04FD384E}"
EndProject
Project("{FAE04EC0-301F-11D3-BF4B-00C04F79EFBC}") = "PSPredictor.Integration.Tests", "tests\Integration.Tests\PSPredictor.Integration.Tests.csproj", "{EB069373-A37B-45EC-9C4D-85F87ECDBBC0}"
EndProject
Project("{FAE04EC0-301F-11D3-BF4B-00C04F79EFBC}") = "PSPredictor.Performance.Tests", "tests\Performance.Tests\PSPredictor.Performance.Tests.csproj", "{602A5D09-8188-4337-8363-392AC54DF56E}"
EndProject
Project("{2150E333-8FDC-42A3-9474-1A3956D46DE8}") = "tools", "tools", "{07C2787E-EAC7-C090-1BA3-A61EC2A24D84}"
EndProject
Project("{FAE04EC0-301F-11D3-BF4B-00C04F79EFBC}") = "PSPredictor.ModelTrainer", "tools\ModelTrainer\PSPredictor.ModelTrainer.csproj", "{13314F51-6E6E-434C-A6CE-519E161B1D66}"
EndProject
Project("{FAE04EC0-301F-11D3-BF4B-00C04F79EFBC}") = "PSPredictor.CodeGen", "tools\CodeGen\PSPredictor.CodeGen.csproj", "{55FD5922-E273-485B-AA7B-9C4852AB6559}"
EndProject
Project("{FAE04EC0-301F-11D3-BF4B-00C04F79EFBC}") = "PSPredictor.DevTools", "tools\DevTools\PSPredictor.DevTools.csproj", "{5CAB5860-7525-4E6C-BBA0-A5316B0FBC41}"
EndProject
Global
	GlobalSection(SolutionConfigurationPlatforms) = preSolution
		Debug|Any CPU = Debug|Any CPU
		Debug|x64 = Debug|x64
		Debug|x86 = Debug|x86
		Release|Any CPU = Release|Any CPU
		Release|x64 = Release|x64
		Release|x86 = Release|x86
	EndGlobalSection
	GlobalSection(ProjectConfigurationPlatforms) = postSolution
		{3148E7D0-C26A-421C-A9E8-2A53F16DC570}.Debug|Any CPU.ActiveCfg = Debug|Any CPU
		{3148E7D0-C26A-421C-A9E8-2A53F16DC570}.Debug|Any CPU.Build.0 = Debug|Any CPU
		{3148E7D0-C26A-421C-A9E8-2A53F16DC570}.Debug|x64.ActiveCfg = Debug|Any CPU
		{3148E7D0-C26A-421C-A9E8-2A53F16DC570}.Debug|x64.Build.0 = Debug|Any CPU
		{3148E7D0-C26A-421C-A9E8-2A53F16DC570}.Debug|x86.ActiveCfg = Debug|Any CPU
		{3148E7D0-C26A-421C-A9E8-2A53F16DC570}.Debug|x86.Build.0 = Debug|Any CPU
		{3148E7D0-C26A-421C-A9E8-2A53F16DC570}.Release|Any CPU.ActiveCfg = Release|Any CPU
		{3148E7D0-C26A-421C-A9E8-2A53F16DC570}.Release|Any CPU.Build.0 = Release|Any CPU
		{3148E7D0-C26A-421C-A9E8-2A53F16DC570}.Release|x64.ActiveCfg = Release|Any CPU
		{3148E7D0-C26A-421C-A9E8-2A53F16DC570}.Release|x64.Build.0 = Release|Any CPU
		{3148E7D0-C26A-421C-A9E8-2A53F16DC570}.Release|x86.ActiveCfg = Release|Any CPU
		{3148E7D0-C26A-421C-A9E8-2A53F16DC570}.Release|x86.Build.0 = Release|Any CPU
		{254AE52F-4935-4A07-823A-F55834F6F4DA}.Debug|Any CPU.ActiveCfg = Debug|Any CPU
		{254AE52F-4935-4A07-823A-F55834F6F4DA}.Debug|Any CPU.Build.0 = Debug|Any CPU
		{254AE52F-4935-4A07-823A-F55834F6F4DA}.Debug|x64.ActiveCfg = Debug|Any CPU
		{254AE52F-4935-4A07-823A-F55834F6F4DA}.Debug|x64.Build.0 = Debug|Any CPU
		{254AE52F-4935-4A07-823A-F55834F6F4DA}.Debug|x86.ActiveCfg = Debug|Any CPU
		{254AE52F-4935-4A07-823A-F55834F6F4DA}.Debug|x86.Build.0 = Debug|Any CPU
		{254AE52F-4935-4A07-823A-F55834F6F4DA}.Release|Any CPU.ActiveCfg = Release|Any CPU
		{254AE52F-4935-4A07-823A-F55834F6F4DA}.Release|Any CPU.Build.0 = Release|Any CPU
		{254AE52F-4935-4A07-823A-F55834F6F4DA}.Release|x64.ActiveCfg = Release|Any CPU
		{254AE52F-4935-4A07-823A-F55834F6F4DA}.Release|x64.Build.0 = Release|Any CPU
		{254AE52F-4935-4A07-823A-F55834F6F4DA}.Release|x86.ActiveCfg = Release|Any CPU
		{254AE52F-4935-4A07-823A-F55834F6F4DA}.Release|x86.Build.0 = Release|Any CPU
		{337FC8FC-F0AC-4B8C-B29C-6DBE91B0B5E3}.Debug|Any CPU.ActiveCfg = Debug|Any CPU
		{337FC8FC-F0AC-4B8C-B29C-6DBE91B0B5E3}.Debug|Any CPU.Build.0 = Debug|Any CPU
		{337FC8FC-F0AC-4B8C-B29C-6DBE91B0B5E3}.Debug|x64.ActiveCfg = Debug|Any CPU
		{337FC8FC-F0AC-4B8C-B29C-6DBE91B0B5E3}.Debug|x64.Build.0 = Debug|Any CPU
		{337FC8FC-F0AC-4B8C-B29C-6DBE91B0B5E3}.Debug|x86.ActiveCfg = Debug|Any CPU
		{337FC8FC-F0AC-4B8C-B29C-6DBE91B0B5E3}.Debug|x86.Build.0 = Debug|Any CPU
		{337FC8FC-F0AC-4B8C-B29C-6DBE91B0B5E3}.Release|Any CPU.ActiveCfg = Release|Any CPU
		{337FC8FC-F0AC-4B8C-B29C-6DBE91B0B5E3}.Release|Any CPU.Build.0 = Release|Any CPU
		{337FC8FC-F0AC-4B8C-B29C-6DBE91B0B5E3}.Release|x64.ActiveCfg = Release|Any CPU
		{337FC8FC-F0AC-4B8C-B29C-6DBE91B0B5E3}.Release|x64.Build.0 = Release|Any CPU
		{337FC8FC-F0AC-4B8C-B29C-6DBE91B0B5E3}.Release|x86.ActiveCfg = Release|Any CPU
		{337FC8FC-F0AC-4B8C-B29C-6DBE91B0B5E3}.Release|x86.Build.0 = Release|Any CPU
		{B58BA7B8-06A8-4699-8337-8CFE13274A56}.Debug|Any CPU.ActiveCfg = Debug|Any CPU
		{B58BA7B8-06A8-4699-8337-8CFE13274A56}.Debug|Any CPU.Build.0 = Debug|Any CPU
		{B58BA7B8-06A8-4699-8337-8CFE13274A56}.Debug|x64.ActiveCfg = Debug|Any CPU
		{B58BA7B8-06A8-4699-8337-8CFE13274A56}.Debug|x64.Build.0 = Debug|Any CPU
		{B58BA7B8-06A8-4699-8337-8CFE13274A56}.Debug|x86.ActiveCfg = Debug|Any CPU
		{B58BA7B8-06A8-4699-8337-8CFE13274A56}.Debug|x86.Build.0 = Debug|Any CPU
		{B58BA7B8-06A8-4699-8337-8CFE13274A56}.Release|Any CPU.ActiveCfg = Release|Any CPU
		{B58BA7B8-06A8-4699-8337-8CFE13274A56}.Release|Any CPU.Build.0 = Release|Any CPU
		{B58BA7B8-06A8-4699-8337-8CFE13274A56}.Release|x64.ActiveCfg = Release|Any CPU
		{B58BA7B8-06A8-4699-8337-8CFE13274A56}.Release|x64.Build.0 = Release|Any CPU
		{B58BA7B8-06A8-4699-8337-8CFE13274A56}.Release|x86.ActiveCfg = Release|Any CPU
		{B58BA7B8-06A8-4699-8337-8CFE13274A56}.Release|x86.Build.0 = Release|Any CPU
		{EA562F74-C489-4BC2-A4BD-DEE160327C60}.Debug|Any CPU.ActiveCfg = Debug|Any CPU
		{EA562F74-C489-4BC2-A4BD-DEE160327C60}.Debug|Any CPU.Build.0 = Debug|Any CPU
		{EA562F74-C489-4BC2-A4BD-DEE160327C60}.Debug|x64.ActiveCfg = Debug|Any CPU
		{EA562F74-C489-4BC2-A4BD-DEE160327C60}.Debug|x64.Build.0 = Debug|Any CPU
		{EA562F74-C489-4BC2-A4BD-DEE160327C60}.Debug|x86.ActiveCfg = Debug|Any CPU
		{EA562F74-C489-4BC2-A4BD-DEE160327C60}.Debug|x86.Build.0 = Debug|Any CPU
		{EA562F74-C489-4BC2-A4BD-DEE160327C60}.Release|Any CPU.ActiveCfg = Release|Any CPU
		{EA562F74-C489-4BC2-A4BD-DEE160327C60}.Release|Any CPU.Build.0 = Release|Any CPU
		{EA562F74-C489-4BC2-A4BD-DEE160327C60}.Release|x64.ActiveCfg = Release|Any CPU
		{EA562F74-C489-4BC2-A4BD-DEE160327C60}.Release|x64.Build.0 = Release|Any CPU
		{EA562F74-C489-4BC2-A4BD-DEE160327C60}.Release|x86.ActiveCfg = Release|Any CPU
		{EA562F74-C489-4BC2-A4BD-DEE160327C60}.Release|x86.Build.0 = Release|Any CPU
		{D6440F51-A910-4BE9-8F49-9219B306DCF6}.Debug|Any CPU.ActiveCfg = Debug|Any CPU
		{D6440F51-A910-4BE9-8F49-9219B306DCF6}.Debug|Any CPU.Build.0 = Debug|Any CPU
		{D6440F51-A910-4BE9-8F49-9219B306DCF6}.Debug|x64.ActiveCfg = Debug|Any CPU
		{D6440F51-A910-4BE9-8F49-9219B306DCF6}.Debug|x64.Build.0 = Debug|Any CPU
		{D6440F51-A910-4BE9-8F49-9219B306DCF6}.Debug|x86.ActiveCfg = Debug|Any CPU
		{D6440F51-A910-4BE9-8F49-9219B306DCF6}.Debug|x86.Build.0 = Debug|Any CPU
		{D6440F51-A910-4BE9-8F49-9219B306DCF6}.Release|Any CPU.ActiveCfg = Release|Any CPU
		{D6440F51-A910-4BE9-8F49-9219B306DCF6}.Release|Any CPU.Build.0 = Release|Any CPU
		{D6440F51-A910-4BE9-8F49-9219B306DCF6}.Release|x64.ActiveCfg = Release|Any CPU
		{D6440F51-A910-4BE9-8F49-9219B306DCF6}.Release|x64.Build.0 = Release|Any CPU
		{D6440F51-A910-4BE9-8F49-9219B306DCF6}.Release|x86.ActiveCfg = Release|Any CPU
		{D6440F51-A910-4BE9-8F49-9219B306DCF6}.Release|x86.Build.0 = Release|Any CPU
		{E7E89E93-6F3B-4CB5-A4A7-53BA04FD384E}.Debug|Any CPU.ActiveCfg = Debug|Any CPU
		{E7E89E93-6F3B-4CB5-A4A7-53BA04FD384E}.Debug|Any CPU.Build.0 = Debug|Any CPU
		{E7E89E93-6F3B-4CB5-A4A7-53BA04FD384E}.Debug|x64.ActiveCfg = Debug|Any CPU
		{E7E89E93-6F3B-4CB5-A4A7-53BA04FD384E}.Debug|x64.Build.0 = Debug|Any CPU
		{E7E89E93-6F3B-4CB5-A4A7-53BA04FD384E}.Debug|x86.ActiveCfg = Debug|Any CPU
		{E7E89E93-6F3B-4CB5-A4A7-53BA04FD384E}.Debug|x86.Build.0 = Debug|Any CPU
		{E7E89E93-6F3B-4CB5-A4A7-53BA04FD384E}.Release|Any CPU.ActiveCfg = Release|Any CPU
		{E7E89E93-6F3B-4CB5-A4A7-53BA04FD384E}.Release|Any CPU.Build.0 = Release|Any CPU
		{E7E89E93-6F3B-4CB5-A4A7-53BA04FD384E}.Release|x64.ActiveCfg = Release|Any CPU
		{E7E89E93-6F3B-4CB5-A4A7-53BA04FD384E}.Release|x64.Build.0 = Release|Any CPU
		{E7E89E93-6F3B-4CB5-A4A7-53BA04FD384E}.Release|x86.ActiveCfg = Release|Any CPU
		{E7E89E93-6F3B-4CB5-A4A7-53BA04FD384E}.Release|x86.Build.0 = Release|Any CPU
		{EB069373-A37B-45EC-9C4D-85F87ECDBBC0}.Debug|Any CPU.ActiveCfg = Debug|Any CPU
		{EB069373-A37B-45EC-9C4D-85F87ECDBBC0}.Debug|Any CPU.Build.0 = Debug|Any CPU
		{EB069373-A37B-45EC-9C4D-85F87ECDBBC0}.Debug|x64.ActiveCfg = Debug|Any CPU
		{EB069373-A37B-45EC-9C4D-85F87ECDBBC0}.Debug|x64.Build.0 = Debug|Any CPU
		{EB069373-A37B-45EC-9C4D-85F87ECDBBC0}.Debug|x86.ActiveCfg = Debug|Any CPU
		{EB069373-A37B-45EC-9C4D-85F87ECDBBC0}.Debug|x86.Build.0 = Debug|Any CPU
		{EB069373-A37B-45EC-9C4D-85F87ECDBBC0}.Release|Any CPU.ActiveCfg = Release|Any CPU
		{EB069373-A37B-45EC-9C4D-85F87ECDBBC0}.Release|Any CPU.Build.0 = Release|Any CPU
		{EB069373-A37B-45EC-9C4D-85F87ECDBBC0}.Release|x64.ActiveCfg = Release|Any CPU
		{EB069373-A37B-45EC-9C4D-85F87ECDBBC0}.Release|x64.Build.0 = Release|Any CPU
		{EB069373-A37B-45EC-9C4D-85F87ECDBBC0}.Release|x86.ActiveCfg = Release|Any CPU
		{EB069373-A37B-45EC-9C4D-85F87ECDBBC0}.Release|x86.Build.0 = Release|Any CPU
		{602A5D09-8188-4337-8363-392AC54DF56E}.Debug|Any CPU.ActiveCfg = Debug|Any CPU
		{602A5D09-8188-4337-8363-392AC54DF56E}.Debug|Any CPU.Build.0 = Debug|Any CPU
		{602A5D09-8188-4337-8363-392AC54DF56E}.Debug|x64.ActiveCfg = Debug|Any CPU
		{602A5D09-8188-4337-8363-392AC54DF56E}.Debug|x64.Build.0 = Debug|Any CPU
		{602A5D09-8188-4337-8363-392AC54DF56E}.Debug|x86.ActiveCfg = Debug|Any CPU
		{602A5D09-8188-4337-8363-392AC54DF56E}.Debug|x86.Build.0 = Debug|Any CPU
		{602A5D09-8188-4337-8363-392AC54DF56E}.Release|Any CPU.ActiveCfg = Release|Any CPU
		{602A5D09-8188-4337-8363-392AC54DF56E}.Release|Any CPU.Build.0 = Release|Any CPU
		{602A5D09-8188-4337-8363-392AC54DF56E}.Release|x64.ActiveCfg = Release|Any CPU
		{602A5D09-8188-4337-8363-392AC54DF56E}.Release|x64.Build.0 = Release|Any CPU
		{602A5D09-8188-4337-8363-392AC54DF56E}.Release|x86.ActiveCfg = Release|Any CPU
		{602A5D09-8188-4337-8363-392AC54DF56E}.Release|x86.Build.0 = Release|Any CPU
		{13314F51-6E6E-434C-A6CE-519E161B1D66}.Debug|Any CPU.ActiveCfg = Debug|Any CPU
		{13314F51-6E6E-434C-A6CE-519E161B1D66}.Debug|Any CPU.Build.0 = Debug|Any CPU
		{13314F51-6E6E-434C-A6CE-519E161B1D66}.Debug|x64.ActiveCfg = Debug|Any CPU
		{13314F51-6E6E-434C-A6CE-519E161B1D66}.Debug|x64.Build.0 = Debug|Any CPU
		{13314F51-6E6E-434C-A6CE-519E161B1D66}.Debug|x86.ActiveCfg = Debug|Any CPU
		{13314F51-6E6E-434C-A6CE-519E161B1D66}.Debug|x86.Build.0 = Debug|Any CPU
		{13314F51-6E6E-434C-A6CE-519E161B1D66}.Release|Any CPU.ActiveCfg = Release|Any CPU
		{13314F51-6E6E-434C-A6CE-519E161B1D66}.Release|Any CPU.Build.0 = Release|Any CPU
		{13314F51-6E6E-434C-A6CE-519E161B1D66}.Release|x64.ActiveCfg = Release|Any CPU
		{13314F51-6E6E-434C-A6CE-519E161B1D66}.Release|x64.Build.0 = Release|Any CPU
		{13314F51-6E6E-434C-A6CE-519E161B1D66}.Release|x86.ActiveCfg = Release|Any CPU
		{13314F51-6E6E-434C-A6CE-519E161B1D66}.Release|x86.Build.0 = Release|Any CPU
		{55FD5922-E273-485B-AA7B-9C4852AB6559}.Debug|Any CPU.ActiveCfg = Debug|Any CPU
		{55FD5922-E273-485B-AA7B-9C4852AB6559}.Debug|Any CPU.Build.0 = Debug|Any CPU
		{55FD5922-E273-485B-AA7B-9C4852AB6559}.Debug|x64.ActiveCfg = Debug|Any CPU
		{55FD5922-E273-485B-AA7B-9C4852AB6559}.Debug|x64.Build.0 = Debug|Any CPU
		{55FD5922-E273-485B-AA7B-9C4852AB6559}.Debug|x86.ActiveCfg = Debug|Any CPU
		{55FD5922-E273-485B-AA7B-9C4852AB6559}.Debug|x86.Build.0 = Debug|Any CPU
		{55FD5922-E273-485B-AA7B-9C4852AB6559}.Release|Any CPU.ActiveCfg = Release|Any CPU
		{55FD5922-E273-485B-AA7B-9C4852AB6559}.Release|Any CPU.Build.0 = Release|Any CPU
		{55FD5922-E273-485B-AA7B-9C4852AB6559}.Release|x64.ActiveCfg = Release|Any CPU
		{55FD5922-E273-485B-AA7B-9C4852AB6559}.Release|x64.Build.0 = Release|Any CPU
		{55FD5922-E273-485B-AA7B-9C4852AB6559}.Release|x86.ActiveCfg = Release|Any CPU
		{55FD5922-E273-485B-AA7B-9C4852AB6559}.Release|x86.Build.0 = Release|Any CPU
		{5CAB5860-7525-4E6C-BBA0-A5316B0FBC41}.Debug|Any CPU.ActiveCfg = Debug|Any CPU
		{5CAB5860-7525-4E6C-BBA0-A5316B0FBC41}.Debug|Any CPU.Build.0 = Debug|Any CPU
		{5CAB5860-7525-4E6C-BBA0-A5316B0FBC41}.Debug|x64.ActiveCfg = Debug|Any CPU
		{5CAB5860-7525-4E6C-BBA0-A5316B0FBC41}.Debug|x64.Build.0 = Debug|Any CPU
		{5CAB5860-7525-4E6C-BBA0-A5316B0FBC41}.Debug|x86.ActiveCfg = Debug|Any CPU
		{5CAB5860-7525-4E6C-BBA0-A5316B0FBC41}.Debug|x86.Build.0 = Debug|Any CPU
		{5CAB5860-7525-4E6C-BBA0-A5316B0FBC41}.Release|Any CPU.ActiveCfg = Release|Any CPU
		{5CAB5860-7525-4E6C-BBA0-A5316B0FBC41}.Release|Any CPU.Build.0 = Release|Any CPU
		{5CAB5860-7525-4E6C-BBA0-A5316B0FBC41}.Release|x64.ActiveCfg = Release|Any CPU
		{5CAB5860-7525-4E6C-BBA0-A5316B0FBC41}.Release|x64.Build.0 = Release|Any CPU
		{5CAB5860-7525-4E6C-BBA0-A5316B0FBC41}.Release|x86.ActiveCfg = Release|Any CPU
		{5CAB5860-7525-4E6C-BBA0-A5316B0FBC41}.Release|x86.Build.0 = Release|Any CPU
	EndGlobalSection
	GlobalSection(SolutionProperties) = preSolution
		HideSolutionNode = FALSE
	EndGlobalSection
	GlobalSection(NestedProjects) = preSolution
		{3148E7D0-C26A-421C-A9E8-2A53F16DC570} = {827E0CD3-B72D-47B6-A68D-7590B98EB39B}
		{254AE52F-4935-4A07-823A-F55834F6F4DA} = {827E0CD3-B72D-47B6-A68D-7590B98EB39B}
		{337FC8FC-F0AC-4B8C-B29C-6DBE91B0B5E3} = {827E0CD3-B72D-47B6-A68D-7590B98EB39B}
		{B58BA7B8-06A8-4699-8337-8CFE13274A56} = {0AB3BF05-4346-4AA6-1389-037BE0695223}
		{EA562F74-C489-4BC2-A4BD-DEE160327C60} = {0AB3BF05-4346-4AA6-1389-037BE0695223}
		{D6440F51-A910-4BE9-8F49-9219B306DCF6} = {0AB3BF05-4346-4AA6-1389-037BE0695223}
		{E7E89E93-6F3B-4CB5-A4A7-53BA04FD384E} = {0AB3BF05-4346-4AA6-1389-037BE0695223}
		{EB069373-A37B-45EC-9C4D-85F87ECDBBC0} = {0AB3BF05-4346-4AA6-1389-037BE0695223}
		{602A5D09-8188-4337-8363-392AC54DF56E} = {0AB3BF05-4346-4AA6-1389-037BE0695223}
		{13314F51-6E6E-434C-A6CE-519E161B1D66} = {07C2787E-EAC7-C090-1BA3-A61EC2A24D84}
		{55FD5922-E273-485B-AA7B-9C4852AB6559} = {07C2787E-EAC7-C090-1BA3-A61EC2A24D84}
		{5CAB5860-7525-4E6C-BBA0-A5316B0FBC41} = {07C2787E-EAC7-C090-1BA3-A61EC2A24D84}
	EndGlobalSection
EndGlobal
